###################################################################################################
##
##  DO NOT EDIT THIS FILE.
##  This is a locked requirements file generated by pyorbs.
##
##  Requirements hash: 970e6cd834d51ec98766e48daaa6cee7975626085e06cf0ebd336795189fb82d
##
###################################################################################################
-e .
alabaster==1.0.0
asgiref==3.11.1
attrs==26.1.0
babel==2.18.0
certifi==2026.5.20
charset-normalizer==3.4.7
Django==6.0.5
docutils==0.21.2
h11==0.16.0
idna==3.17
imagesize==2.0.0
Jinja2==3.1.6
logikal-docs==1.2.6
logikal-utils==1.9.0
MarkupSafe==3.0.3
outcome==1.3.0.post0
packaging==26.2
pillow==12.2.0
pip==26.1.1
Pygments==2.20.0
PySocks==1.7.1
requests==2.34.2
roman-numerals==4.1.0
roman-numerals-py==4.1.0
selenium==4.44.0
setuptools==82.0.1
sniffio==1.3.1
snowballstemmer==3.1.0
sortedcontainers==2.4.0
Sphinx==8.2.3
sphinx_rtd_theme==3.1.0
sphinxcontrib-applehelp==2.0.0
sphinxcontrib-devhelp==2.0.0
sphinxcontrib-htmlhelp==2.1.0
sphinxcontrib-jquery==4.1
sphinxcontrib-jsmath==1.0.1
sphinxcontrib-qthelp==2.0.0
sphinxcontrib-serializinghtml==2.0.0
sqlparse==0.5.5
termcolor==3.3.0
tqdm==4.67.3
trio==0.33.0
trio-websocket==0.12.2
typing_extensions==4.15.0
urllib3==2.7.0
websocket-client==1.9.0
wheel==0.47.0
wsproto==1.3.2
xdg-base-dirs==6.0.2
